// !$*UTF8*$!
{
	archiveVersion = 1;
	classes = {
	};
	objectVersion = 48;
	objects = {

/* Begin PBXBuildFile section */
		1FA8CF7C200C3BB300E71314 /* AppDelegate.swift in Sources */ = {isa = PBXBuildFile; fileRef = 1FA8CF7B200C3BB300E71314 /* AppDelegate.swift */; };
		1FA8CF7E200C3BB300E71314 /* FirstViewController.swift in Sources */ = {isa = PBXBuildFile; fileRef = 1FA8CF7D200C3BB300E71314 /* FirstViewController.swift */; };
		1FA8CF80200C3BB400E71314 /* SecondViewController.swift in Sources */ = {isa = PBXBuildFile; fileRef = 1FA8CF7F200C3BB400E71314 /* SecondViewController.swift */; };
		1FA8CF83200C3BB400E71314 /* Main.storyboard in Resources */ = {isa = PBXBuildFile; fileRef = 1FA8CF81200C3BB400E71314 /* Main.storyboard */; };
		1FA8CF85200C3BB400E71314 /* Assets.xcassets in Resources */ = {isa = PBXBuildFile; fileRef = 1FA8CF84200C3BB400E71314 /* Assets.xcassets */; };
		1FA8CF88200C3BB400E71314 /* LaunchScreen.storyboard in Resources */ = {isa = PBXBuildFile; fileRef = 1FA8CF86200C3BB400E71314 /* LaunchScreen.storyboard */; };
		1FA8CF90200C3BF700E71314 /* Splash.storyboard in Resources */ = {isa = PBXBuildFile; fileRef = 1FA8CF8F200C3BF700E71314 /* Splash.storyboard */; };
		1FA8CF94200C3D5000E71314 /* UserGuideViewController.swift in Sources */ = {isa = PBXBuildFile; fileRef = 1FA8CF93200C3D5000E71314 /* UserGuideViewController.swift */; };
/* End PBXBuildFile section */

/* Begin PBXFileReference section */
		1FA8CF78200C3BB300E71314 /* UserGuideDemo.app */ = {isa = PBXFileReference; explicitFileType = wrapper.application; includeInIndex = 0; path = UserGuideDemo.app; sourceTree = BUILT_PRODUCTS_DIR; };
		1FA8CF7B200C3BB300E71314 /* AppDelegate.swift */ = {isa = PBXFileReference; lastKnownFileType = sourcecode.swift; path = AppDelegate.swift; sourceTree = "<group>"; };
		1FA8CF7D200C3BB300E71314 /* FirstViewController.swift */ = {isa = PBXFileReference; lastKnownFileType = sourcecode.swift; path = FirstViewController.swift; sourceTree = "<group>"; };
		1FA8CF7F200C3BB400E71314 /* SecondViewController.swift */ = {isa = PBXFileReference; lastKnownFileType = sourcecode.swift; path = SecondViewController.swift; sourceTree = "<group>"; };
		1FA8CF82200C3BB400E71314 /* Base */ = {isa = PBXFileReference; lastKnownFileType = file.storyboard; name = Base; path = Base.lproj/Main.storyboard; sourceTree = "<group>"; };
		1FA8CF84200C3BB400E71314 /* Assets.xcassets */ = {isa = PBXFileReference; lastKnownFileType = folder.assetcatalog; path = Assets.xcassets; sourceTree = "<group>"; };
		1FA8CF87200C3BB400E71314 /* Base */ = {isa = PBXFileReference; lastKnownFileType = file.storyboard; name = Base; path = Base.lproj/LaunchScreen.storyboard; sourceTree = "<group>"; };
		1FA8CF89200C3BB400E71314 /* Info.plist */ = {isa = PBXFileReference; lastKnownFileType = text.plist.xml; path = Info.plist; sourceTree = "<group>"; };
		1FA8CF8F200C3BF700E71314 /* Splash.storyboard */ = {isa = PBXFileReference; lastKnownFileType = file.storyboard; path = Splash.storyboard; sourceTree = "<group>"; };
		1FA8CF93200C3D5000E71314 /* UserGuideViewController.swift */ = {isa = PBXFileReference; lastKnownFileType = sourcecode.swift; path = UserGuideViewController.swift; sourceTree = "<group>"; };
/* End PBXFileReference section */

/* Begin PBXFrameworksBuildPhase section */
		1FA8CF75200C3BB300E71314 /* Frameworks */ = {
			isa = PBXFrameworksBuildPhase;
			buildActionMask = 2147483647;
			files = (
			);
			runOnlyForDeploymentPostprocessing = 0;
		};
/* End PBXFrameworksBuildPhase section */

/* Begin PBXGroup section */
		1FA8CF6F200C3BB300E71314 = {
			isa = PBXGroup;
			children = (
				1FA8CF7A200C3BB300E71314 /* UserGuideDemo */,
				1FA8CF79200C3BB300E71314 /* Products */,
			);
			sourceTree = "<group>";
		};
		1FA8CF79200C3BB300E71314 /* Products */ = {
			isa = PBXGroup;
			children = (
				1FA8CF78200C3BB300E71314 /* UserGuideDemo.app */,
			);
			name = Products;
			sourceTree = "<group>";
		};
		1FA8CF7A200C3BB300E71314 /* UserGuideDemo */ = {
			isa = PBXGroup;
			children = (
				1FA8CF7B200C3BB300E71314 /* AppDelegate.swift */,
				1FA8CF93200C3D5000E71314 /* UserGuideViewController.swift */,
				1FA8CF8F200C3BF700E71314 /* Splash.storyboard */,
				1FA8CF7D200C3BB300E71314 /* FirstViewController.swift */,
				1FA8CF7F200C3BB400E71314 /* SecondViewController.swift */,
				1FA8CF81200C3BB400E71314 /* Main.storyboard */,
				1FA8CF84200C3BB400E71314 /* Assets.xcassets */,
				1FA8CF86200C3BB400E71314 /* LaunchScreen.storyboard */,
				1FA8CF89200C3BB400E71314 /* Info.plist */,
			);
			path = UserGuideDemo;
			sourceTree = "<group>";
		};
/* End PBXGroup section */

/* Begin PBXNativeTarget section */
		1FA8CF77200C3BB300E71314 /* UserGuideDemo */ = {
			isa = PBXNativeTarget;
			buildConfigurationList = 1FA8CF8C200C3BB400E71314 /* Build configuration list for PBXNativeTarget "UserGuideDemo" */;
			buildPhases = (
				1FA8CF74200C3BB300E71314 /* Sources */,
				1FA8CF75200C3BB300E71314 /* Frameworks */,
				1FA8CF76200C3BB300E71314 /* Resources */,
			);
			buildRules = (
			);
			dependencies = (
			);
			name = UserGuideDemo;
			productName = UserGuideDemo;
			productReference = 1FA8CF78200C3BB300E71314 /* UserGuideDemo.app */;
			productType = "com.apple.product-type.application";
		};
/* End PBXNativeTarget section */

/* Begin PBXProject section */
		1FA8CF70200C3BB300E71314 /* Project object */ = {
			isa = PBXProject;
			attributes = {
				LastSwiftUpdateCheck = 0920;
				LastUpgradeCheck = 0920;
				ORGANIZATIONNAME = VictorChee;
				TargetAttributes = {
					1FA8CF77200C3BB300E71314 = {
						CreatedOnToolsVersion = 9.2;
						ProvisioningStyle = Automatic;
					};
				};
			};
			buildConfigurationList = 1FA8CF73200C3BB300E71314 /* Build configuration list for PBXProject "UserGuideDemo" */;
			compatibilityVersion = "Xcode 8.0";
			developmentRegion = en;
			hasScannedForEncodings = 0;
			knownRegions = (
				en,
				Base,
			);
			mainGroup = 1FA8CF6F200C3BB300E71314;
			productRefGroup = 1FA8CF79200C3BB300E71314 /* Products */;
			projectDirPath = "";
			projectRoot = "";
			targets = (
				1FA8CF77200C3BB300E71314 /* UserGuideDemo */,
			);
		};
/* End PBXProject section */

/* Begin PBXResourcesBuildPhase section */
		1FA8CF76200C3BB300E71314 /* Resources */ = {
			isa = PBXResourcesBuildPhase;
			buildActionMask = 2147483647;
			files = (
				1FA8CF88200C3BB400E71314 /* LaunchScreen.storyboard in Resources */,
				1FA8CF85200C3BB400E71314 /* Assets.xcassets in Resources */,
				1FA8CF83200C3BB400E71314 /* Main.storyboard in Resources */,
				1FA8CF90200C3BF700E71314 /* Splash.storyboard in Resources */,
			);
			runOnlyForDeploymentPostprocessing = 0;
		};
/* End PBXResourcesBuildPhase section */

/* Begin PBXSourcesBuildPhase section */
		1FA8CF74200C3BB300E71314 /* Sources */ = {
			isa = PBXSourcesBuildPhase;
			buildActionMask = 2147483647;
			files = (
				1FA8CF94200C3D5000E71314 /* UserGuideViewController.swift in Sources */,
				1FA8CF80200C3BB400E71314 /* SecondViewController.swift in Sources */,
				1FA8CF7C200C3BB300E71314 /* AppDelegate.swift in Sources */,
				1FA8CF7E200C3BB300E71314 /* FirstViewController.swift in Sources */,
			);
			runOnlyForDeploymentPostprocessing = 0;
		};
/* End PBXSourcesBuildPhase section */

/* Begin PBXVariantGroup section */
		1FA8CF81200C3BB400E71314 /* Main.storyboard */ = {
			isa = PBXVariantGroup;
			children = (
				1FA8CF82200C3BB400E71314 /* Base */,
			);
			name = Main.storyboard;
			sourceTree = "<group>";
		};
		1FA8CF86200C3BB400E71314 /* LaunchScreen.storyboard */ = {
			isa = PBXVariantGroup;
			children = (
				1FA8CF87200C3BB400E71314 /* Base */,
			);
			name = LaunchScreen.storyboard;
			sourceTree = "<group>";
		};
/* End PBXVariantGroup section */

/* Begin XCBuildConfiguration section */
		1FA8CF8A200C3BB400E71314 /* Debug */ = {
			isa = XCBuildConfiguration;
			buildSettings = {
				ALWAYS_SEARCH_USER_PATHS = NO;
				CLANG_ANALYZER_NONNULL = YES;
				CLANG_ANALYZER_NUMBER_OBJECT_CONVERSION = YES_AGGRESSIVE;
				CLANG_CXX_LANGUAGE_STANDARD = "gnu++14";
				CLANG_CXX_LIBRARY = "libc++";
				CLANG_ENABLE_MODULES = YES;
				CLANG_ENABLE_OBJC_ARC = YES;
				CLANG_WARN_BLOCK_CAPTURE_AUTORELEASING = YES;
				CLANG_WARN_BOOL_CONVERSION = YES;
				CLANG_WARN_COMMA = YES;
				CLANG_WARN_CONSTANT_CONVERSION = YES;
				CLANG_WARN_DIRECT_OBJC_ISA_USAGE = YES_ERROR;
				CLANG_WARN_DOCUMENTATION_COMMENTS = YES;
				CLANG_WARN_EMPTY_BODY = YES;
				CLANG_WARN_ENUM_CONVERSION = YES;
				CLANG_WARN_INFINITE_RECURSION = YES;
				CLANG_WARN_INT_CONVERSION = YES;
				CLANG_WARN_NON_LITERAL_NULL_CONVERSION = YES;
				CLANG_WARN_OBJC_LITERAL_CONVERSION = YES;
				CLANG_WARN_OBJC_ROOT_CLASS = YES_ERROR;
				CLANG_WARN_RANGE_LOOP_ANALYSIS = YES;
				CLANG_WARN_STRICT_PROTOTYPES = YES;
				CLANG_WARN_SUSPICIOUS_MOVE = YES;
				CLANG_WARN_UNGUARDED_AVAILABILITY = YES_AGGRESSIVE;
				CLANG_WARN_UNREACHABLE_CODE = YES;
				CLANG_WARN__DUPLICATE_METHOD_MATCH = YES;
				CODE_SIGN_IDENTITY = "iPhone Developer";
				COPY_PHASE_STRIP = NO;
				DEBUG_INFORMATION_FORMAT = dwarf;
				ENABLE_STRICT_OBJC_MSGSEND = YES;
				ENABLE_TESTABILITY = YES;
				GCC_C_LANGUAGE_STANDARD = gnu11;
				GCC_DYNAMIC_NO_PIC = NO;
				GCC_NO_COMMON_BLOCKS = YES;
				GCC_OPTIMIZATION_LEVEL = 0;
				GCC_PREPROCESSOR_DEFINITIONS = (
					"DEBUG=1",
					"$(inherited)",
				);
				GCC_WARN_64_TO_32_BIT_CONVERSION = YES;
				GCC_WARN_ABOUT_RETURN_TYPE = YES_ERROR;
				GCC_WARN_UNDECLARED_SELECTOR = YES;
				GCC_WARN_UNINITIALIZED_AUTOS = YES_AGGRESSIVE;
				GCC_WARN_UNUSED_FUNCTION = YES;
				GCC_WARN_UNUSED_VARIABLE = YES;
				IPHONEOS_DEPLOYMENT_TARGET = 11.2;
				MTL_ENABLE_DEBUG_INFO = YES;
				ONLY_ACTIVE_ARCH = YES;
				SDKROOT = iphoneos;
				SWIFT_ACTIVE_COMPILATION_CONDITIONS = DEBUG;
				SWIFT_OPTIMIZATION_LEVEL = "-Onone";
			};
			name = Debug;
		};
		1FA8CF8B200C3BB400E71314 /* Release */ = {
			isa = XCBuildConfiguration;
			buildSettings = {
				ALWAYS_SEARCH_USER_PATHS = NO;
				CLANG_ANALYZER_NONNULL = YES;
				CLANG_ANALYZER_NUMBER_OBJECT_CONVERSION = YES_AGGRESSIVE;
				CLANG_CXX_LANGUAGE_STANDARD = "gnu++14";
				CLANG_CXX_LIBRARY = "libc++";
				CLANG_ENABLE_MODULES = YES;
				CLANG_ENABLE_OBJC_ARC = YES;
				CLANG_WARN_BLOCK_CAPTURE_AUTORELEASING = YES;
				CLANG_WARN_BOOL_CONVERSION = YES;
				CLANG_WARN_COMMA = YES;
				CLANG_WARN_CONSTANT_CONVERSION = YES;
				CLANG_WARN_DIRECT_OBJC_ISA_USAGE = YES_ERROR;
				CLANG_WARN_DOCUMENTATION_COMMENTS = YES;
				CLANG_WARN_EMPTY_BODY = YES;
				CLANG_WARN_ENUM_CONVERSION = YES;
				CLANG_WARN_INFINITE_RECURSION = YES;
				CLANG_WARN_INT_CONVERSION = YES;
				CLANG_WARN_NON_LITERAL_NULL_CONVERSION = YES;
				CLANG_WARN_OBJC_LITERAL_CONVERSION = YES;
				CLANG_WARN_OBJC_ROOT_CLASS = YES_ERROR;
				CLANG_WARN_RANGE_LOOP_ANALYSIS = YES;
				CLANG_WARN_STRICT_PROTOTYPES = YES;
				CLANG_WARN_SUSPICIOUS_MOVE = YES;
				CLANG_WARN_UNGUARDED_AVAILABILITY = YES_AGGRESSIVE;
				CLANG_WARN_UNREACHABLE_CODE = YES;
				CLANG_WARN__DUPLICATE_METHOD_MATCH = YES;
				CODE_SIGN_IDENTITY = "iPhone Developer";
				COPY_PHASE_STRIP = NO;
				DEBUG_INFORMATION_FORMAT = "dwarf-with-dsym";
				ENABLE_NS_ASSERTIONS = NO;
				ENABLE_STRICT_OBJC_MSGSEND = YES;
				GCC_C_LANGUAGE_STANDARD = gnu11;
				GCC_NO_COMMON_BLOCKS = YES;
				GCC_WARN_64_TO_32_BIT_CONVERSION = YES;
				GCC_WARN_ABOUT_RETURN_TYPE = YES_ERROR;
				GCC_WARN_UNDECLARED_SELECTOR = YES;
				GCC_WARN_UNINITIALIZED_AUTOS = YES_AGGRESSIVE;
				GCC_WARN_UNUSED_FUNCTION = YES;
				GCC_WARN_UNUSED_VARIABLE = YES;
				IPHONEOS_DEPLOYMENT_TARGET = 11.2;
				MTL_ENABLE_DEBUG_INFO = NO;
				SDKROOT = iphoneos;
				SWIFT_OPTIMIZATION_LEVEL = "-Owholemodule";
				VALIDATE_PRODUCT = YES;
			};
			name = Release;
		};
		1FA8CF8D200C3BB400E71314 /* Debug */ = {
			isa = XCBuildConfiguration;
			buildSettings = {
				ASSETCATALOG_COMPILER_APPICON_NAME = AppIcon;
				CODE_SIGN_STYLE = Automatic;
				INFOPLIST_FILE = UserGuideDemo/Info.plist;
				LD_RUNPATH_SEARCH_PATHS = "$(inherited) @executable_path/Frameworks";
				PRODUCT_BUNDLE_IDENTIFIER = com.victorchee.UserGuideDemo;
				PRODUCT_NAME = "$(TARGET_NAME)";
				SWIFT_VERSION = 4.0;
				TARGETED_DEVICE_FAMILY = "1,2";
			};
			name = Debug;
		};
		1FA8CF8E200C3BB400E71314 /* Release */ = {
			isa = XCBuildConfiguration;
			buildSettings = {
				ASSETCATALOG_COMPILER_APPICON_NAME = AppIcon;
				CODE_SIGN_STYLE = Automatic;
				INFOPLIST_FILE = UserGuideDemo/Info.plist;
				LD_RUNPATH_SEARCH_PATHS = "$(inherited) @executable_path/Frameworks";
				PRODUCT_BUNDLE_IDENTIFIER = com.victorchee.UserGuideDemo;
				PRODUCT_NAME = "$(TARGET_NAME)";
				SWIFT_VERSION = 4.0;
				TARGETED_DEVICE_FAMILY = "1,2";
			};
			name = Release;
		};
/* End XCBuildConfiguration section */

/* Begin XCConfigurationList section */
		1FA8CF73200C3BB300E71314 /* Build configuration list for PBXProject "UserGuideDemo" */ = {
			isa = XCConfigurationList;
			buildConfigurations = (
				1FA8CF8A200C3BB400E71314 /* Debug */,
				1FA8CF8B200C3BB400E71314 /* Release */,
			);
			defaultConfigurationIsVisible = 0;
			defaultConfigurationName = Release;
		};
		1FA8CF8C200C3BB400E71314 /* Build configuration list for PBXNativeTarget "UserGuideDemo" */ = {
			isa = XCConfigurationList;
			buildConfigurations = (
				1FA8CF8D200C3BB400E71314 /* Debug */,
				1FA8CF8E200C3BB400E71314 /* Release */,
			);
			defaultConfigurationIsVisible = 0;
			defaultConfigurationName = Release;
		};
/* End XCConfigurationList section */
	};
	rootObject = 1FA8CF70200C3BB300E71314 /* Project object */;
}
